
Microsoft Visual Studio Solution File, Format Version 12.00
# Visual Studio 15
VisualStudioVersion = 15.0.28307.271
MinimumVisualStudioVersion = 10.0.40219.1
Project("{FAE04EC0-301F-11D3-BF4B-00C04F79EFBC}") = "pong", "pong.csproj", "{7A8E7C6E-50C8-4D40-8223-E9E5CAED1B84}"
EndProject
Global
	GlobalSection(SolutionConfigurationPlatforms) = preSolution
		Debug|Any CPU = Debug|Any CPU
		Release|Any CPU = Release|Any CPU
	EndGlobalSection
	GlobalSection(ProjectConfigurationPlatforms) = postSolution
		{7A8E7C6E-50C8-4D40-8223-E9E5CAED1B84}.Debug|Any CPU.ActiveCfg = Debug|Any CPU
		{7A8E7C6E-50C8-4D40-8223-E9E5CAED1B84}.Debug|Any CPU.Build.0 = Debug|Any CPU
		{7A8E7C6E-50C8-4D40-8223-E9E5CAED1B84}.Release|Any CPU.ActiveCfg = Release|Any CPU
		{7A8E7C6E-50C8-4D40-8223-E9E5CAED1B84}.Release|Any CPU.Build.0 = Release|Any CPU
	EndGlobalSection
	GlobalSection(SolutionProperties) = preSolution
		HideSolutionNode = FALSE
	EndGlobalSection
	GlobalSection(ExtensibilityGlobals) = postSolution
		SolutionGuid = {54E16DAD-55FA-4F79-A23B-B0D1C8ED005C}
	EndGlobalSection
EndGlobal
